
Microsoft Visual Studio Solution File, Format Version 12.00
# Visual Studio Version 17
VisualStudioVersion = 17.3.32901.215
MinimumVisualStudioVersion = 10.0.40219.1
Project("{FAE04EC0-301F-11D3-BF4B-00C04F79EFBC}") = "RedisDistributedCacheApp.API", "RedisDistributedCacheApp.API\RedisDistributedCacheApp.API.csproj", "{80D34D28-4520-4742-AB3A-1C00F30D2A76}"
EndProject
Project("{FAE04EC0-301F-11D3-BF4B-00C04F79EFBC}") = "RedisDistributedCacheApp.Cache", "RedisDistributedCacheApp.Cache\RedisDistributedCacheApp.Cache.csproj", "{856FF9CF-8221-4AB1-9587-7C283780E0B3}"
EndProject
Global
	GlobalSection(SolutionConfigurationPlatforms) = preSolution
		Debug|Any CPU = Debug|Any CPU
		Release|Any CPU = Release|Any CPU
	EndGlobalSection
	GlobalSection(ProjectConfigurationPlatforms) = postSolution
		{80D34D28-4520-4742-AB3A-1C00F30D2A76}.Debug|Any CPU.ActiveCfg = Debug|Any CPU
		{80D34D28-4520-4742-AB3A-1C00F30D2A76}.Debug|Any CPU.Build.0 = Debug|Any CPU
		{80D34D28-4520-4742-AB3A-1C00F30D2A76}.Release|Any CPU.ActiveCfg = Release|Any CPU
		{80D34D28-4520-4742-AB3A-1C00F30D2A76}.Release|Any CPU.Build.0 = Release|Any CPU
		{856FF9CF-8221-4AB1-9587-7C283780E0B3}.Debug|Any CPU.ActiveCfg = Debug|Any CPU
		{856FF9CF-8221-4AB1-9587-7C283780E0B3}.Debug|Any CPU.Build.0 = Debug|Any CPU
		{856FF9CF-8221-4AB1-9587-7C283780E0B3}.Release|Any CPU.ActiveCfg = Release|Any CPU
		{856FF9CF-8221-4AB1-9587-7C283780E0B3}.Release|Any CPU.Build.0 = Release|Any CPU
	EndGlobalSection
	GlobalSection(SolutionProperties) = preSolution
		HideSolutionNode = FALSE
	EndGlobalSection
	GlobalSection(ExtensibilityGlobals) = postSolution
		SolutionGuid = {99463F02-99D7-4FEF-B796-2F2ED6193203}
	EndGlobalSection
EndGlobal
